{"version":4,"terraform_version":"1.10.6","serial":11,"lineage":"b80ab64a-0b64-244d-9781-f2e09457d2e3","outputs":{"ssh_key_fingerprint":{"value":"25:d8:7d:a8:22:81:d1:69:72:f8:b2:7f:aa:f8:0f:4f","type":"string"},"vm_id":{"value":"111452048","type":"string"},"vm_ip":{"value":"157.90.154.103","type":"string"},"vm_name":{"value":"vm1-solvista-dev","type":"string"}},"resources":[{"mode":"managed","type":"hcloud_server","name":"vm1","provider":"provider[\"registry.opentofu.org/hetznercloud/hcloud\"]","instances":[{"schema_version":0,"attributes":{"allow_deprecated_images":false,"backup_window":"","backups":false,"datacenter":"fsn1-dc14","delete_protection":false,"firewall_ids":[],"id":"111452048","ignore_remote_firewall_ids":false,"image":"ubuntu-24.04","ipv4_address":"157.90.154.103","ipv6_address":"2a01:4f8:c010:ae57::1","ipv6_network":"2a01:4f8:c010:ae57::/64","iso":null,"keep_disk":false,"labels":null,"location":"fsn1","name":"vm1-solvista-dev","network":[],"placement_group_id":0,"primary_disk_size":40,"public_net":[],"rebuild_protection":false,"rescue":null,"server_type":"cx22","shutdown_before_deletion":false,"ssh_keys":["103384726"],"status":"running","timeouts":null,"user_data":null},"sensitive_attributes":[],"private":"eyJlMmJmYjczMC1lY2FhLTExZTYtOGY4OC0zNDM2M2JjN2M0YzAiOnsiY3JlYXRlIjo1NDAwMDAwMDAwMDAwfX0=","dependencies":["hcloud_ssh_key.default"]}]},{"mode":"managed","type":"hcloud_ssh_key","name":"default","provider":"provider[\"registry.opentofu.org/hetznercloud/hcloud\"]","instances":[{"schema_version":0,"attributes":{"fingerprint":"25:d8:7d:a8:22:81:d1:69:72:f8:b2:7f:aa:f8:0f:4f","id":"103384726","labels":{},"name":"local-ssh-key","public_key":"ssh-rsa AAAAB3NzaC1yc2EAAAADAQABAAACAQDNj0X8Ql3Cj0lWtm5z6w0FnqxUGCXldqyNm5OHwuZ+dn2it5sTi5V4qUZmLuap/S8the7Lv8/ugbSxNy4MTQDRNxTfCWYdDT9Mc4VGZ/2JnY7RPkU7cIahoKCvO2K9CakMkycTo88IWIaAus4n1k8FlOThS43iJiJi6nP3T9m24vvuFwZmBOZ8EZz2MWIl/NkOdeadF2c94cgDXj0p8nO4/r1JJ4yNEO2pxKvOY4tD1JEeydsnN2szzo97k7JsFV+LlrFX6ATPC0BrDPXfhDP+rfgx5l7QImhPM8J5VR9g71R7QTOQ5xc3WRlbHLrtEXEbi8pm0LSPFVcQGAgYdXomAyEh9AZ9c7fW3n7tm7YCfYfwjsRfaprh2PzzBG2N0Vd+4AqytcVVFm04RDAqQFw2GYrNr9RO5ofMLmHctL3lwvRIkWD1p0qyA251K4r/Q9E0Li4028DcfgBa/dWTbbQAOXLei5bb/WZVvF8KKxNDwh9CiIZEjbfL0wdcz0qklEGyU44V0OxijNM/Bfp0XiDzBGBA1naWQhF/f0YavMWW9w2qeM7NvldTFWq8fYfG/zazF3aEidDGek2DqHPe0p0XTllPmzq9W3xIsCSvQKgZW3O3LBMihUdAKMqWX0CaKaz5yh59JqNTeratMCuTb65jWCAnsm9hvftJ4+bhqjiXuw== solvista\n"},"sensitive_attributes":[]}]}],"check_results":null}
